
Microsoft Visual Studio Solution File, Format Version 12.00
# Visual Studio Version 17
VisualStudioVersion = 17.13.35931.197
MinimumVisualStudioVersion = 10.0.40219.1
Project("{FAE04EC0-301F-11D3-BF4B-00C04F79EFBC}") = "01_MainSubjects", "CSharpEgitimi\01_MainSubjects.csproj", "{6FF51DB0-DA08-4A3A-BF77-31EBFE159B46}"
EndProject
Project("{FAE04EC0-301F-11D3-BF4B-00C04F79EFBC}") = "02_Variables", "CSharpEgitim_2\02_Variables.csproj", "{F7D6F387-DF1D-4B0C-9925-A2F53FAA095B}"
EndProject
Project("{FAE04EC0-301F-11D3-BF4B-00C04F79EFBC}") = "03_MakingDecision", "CSharpEgitim_3\03_MakingDecision.csproj", "{E085E6A0-7B4A-46FA-9D0B-2F327E4F2109}"
EndProject
Project("{FAE04EC0-301F-11D3-BF4B-00C04F79EFBC}") = "04_Loops", "04_Loops\04_Loops.csproj", "{DA165E02-148C-43CC-A812-D951C297B7A9}"
EndProject
Project("{FAE04EC0-301F-11D3-BF4B-00C04F79EFBC}") = "05_LoopsWithStars", "05_LoopsWithStars\05_LoopsWithStars.csproj", "{971089A9-A255-4BE1-862A-CFBF871F6636}"
EndProject
Global
	GlobalSection(SolutionConfigurationPlatforms) = preSolution
		Debug|Any CPU = Debug|Any CPU
		Release|Any CPU = Release|Any CPU
	EndGlobalSection
	GlobalSection(ProjectConfigurationPlatforms) = postSolution
		{6FF51DB0-DA08-4A3A-BF77-31EBFE159B46}.Debug|Any CPU.ActiveCfg = Debug|Any CPU
		{6FF51DB0-DA08-4A3A-BF77-31EBFE159B46}.Debug|Any CPU.Build.0 = Debug|Any CPU
		{6FF51DB0-DA08-4A3A-BF77-31EBFE159B46}.Release|Any CPU.ActiveCfg = Release|Any CPU
		{6FF51DB0-DA08-4A3A-BF77-31EBFE159B46}.Release|Any CPU.Build.0 = Release|Any CPU
		{F7D6F387-DF1D-4B0C-9925-A2F53FAA095B}.Debug|Any CPU.ActiveCfg = Debug|Any CPU
		{F7D6F387-DF1D-4B0C-9925-A2F53FAA095B}.Debug|Any CPU.Build.0 = Debug|Any CPU
		{F7D6F387-DF1D-4B0C-9925-A2F53FAA095B}.Release|Any CPU.ActiveCfg = Release|Any CPU
		{F7D6F387-DF1D-4B0C-9925-A2F53FAA095B}.Release|Any CPU.Build.0 = Release|Any CPU
		{E085E6A0-7B4A-46FA-9D0B-2F327E4F2109}.Debug|Any CPU.ActiveCfg = Debug|Any CPU
		{E085E6A0-7B4A-46FA-9D0B-2F327E4F2109}.Debug|Any CPU.Build.0 = Debug|Any CPU
		{E085E6A0-7B4A-46FA-9D0B-2F327E4F2109}.Release|Any CPU.ActiveCfg = Release|Any CPU
		{E085E6A0-7B4A-46FA-9D0B-2F327E4F2109}.Release|Any CPU.Build.0 = Release|Any CPU
		{DA165E02-148C-43CC-A812-D951C297B7A9}.Debug|Any CPU.ActiveCfg = Debug|Any CPU
		{DA165E02-148C-43CC-A812-D951C297B7A9}.Debug|Any CPU.Build.0 = Debug|Any CPU
		{DA165E02-148C-43CC-A812-D951C297B7A9}.Release|Any CPU.ActiveCfg = Release|Any CPU
		{DA165E02-148C-43CC-A812-D951C297B7A9}.Release|Any CPU.Build.0 = Release|Any CPU
		{971089A9-A255-4BE1-862A-CFBF871F6636}.Debug|Any CPU.ActiveCfg = Debug|Any CPU
		{971089A9-A255-4BE1-862A-CFBF871F6636}.Debug|Any CPU.Build.0 = Debug|Any CPU
		{971089A9-A255-4BE1-862A-CFBF871F6636}.Release|Any CPU.ActiveCfg = Release|Any CPU
		{971089A9-A255-4BE1-862A-CFBF871F6636}.Release|Any CPU.Build.0 = Release|Any CPU
	EndGlobalSection
	GlobalSection(SolutionProperties) = preSolution
		HideSolutionNode = FALSE
	EndGlobalSection
	GlobalSection(ExtensibilityGlobals) = postSolution
		SolutionGuid = {96019FBE-EAE2-4E9F-9E34-22DFB563F776}
	EndGlobalSection
EndGlobal
