
Microsoft Visual Studio Solution File, Format Version 12.00
# Visual Studio Version 17
VisualStudioVersion = 17.13.35931.197
MinimumVisualStudioVersion = 10.0.40219.1
Project("{FAE04EC0-301F-11D3-BF4B-00C04F79EFBC}") = "04_Loops", "04_Loops\04_Loops.csproj", "{DA165E02-148C-43CC-A812-D951C297B7A9}"
EndProject
Project("{FAE04EC0-301F-11D3-BF4B-00C04F79EFBC}") = "05_LoopsWithStars", "05_LoopsWithStars\05_LoopsWithStars.csproj", "{971089A9-A255-4BE1-862A-CFBF871F6636}"
EndProject
Project("{FAE04EC0-301F-11D3-BF4B-00C04F79EFBC}") = "06_Arrays", "06_Arrays\06_Arrays.csproj", "{CD54254F-867D-4D9F-8C15-AA2118E311FA}"
EndProject
Project("{FAE04EC0-301F-11D3-BF4B-00C04F79EFBC}") = "07_ForeachLoop", "07_ForeachLoop\07_ForeachLoop.csproj", "{8EDA40C6-C94B-461D-9723-BCE98FFE9382}"
EndProject
Project("{FAE04EC0-301F-11D3-BF4B-00C04F79EFBC}") = "08_Methods", "08_Methods\08_Methods.csproj", "{96DB0485-21D4-4873-B10D-6CED44C0696A}"
EndProject
Project("{FAE04EC0-301F-11D3-BF4B-00C04F79EFBC}") = "01_MainSubjects", "01_MainSubjects\01_MainSubjects.csproj", "{6FF51DB0-DA08-4A3A-BF77-31EBFE159B46}"
EndProject
Project("{FAE04EC0-301F-11D3-BF4B-00C04F79EFBC}") = "02_Variables", "02_Variables\02_Variables.csproj", "{F7D6F387-DF1D-4B0C-9925-A2F53FAA095B}"
EndProject
Project("{FAE04EC0-301F-11D3-BF4B-00C04F79EFBC}") = "03_MakingDecision", "03_MakingDecision\03_MakingDecision.csproj", "{E085E6A0-7B4A-46FA-9D0B-2F327E4F2109}"
EndProject
Global
	GlobalSection(SolutionConfigurationPlatforms) = preSolution
		Debug|Any CPU = Debug|Any CPU
		Release|Any CPU = Release|Any CPU
	EndGlobalSection
	GlobalSection(ProjectConfigurationPlatforms) = postSolution
		{DA165E02-148C-43CC-A812-D951C297B7A9}.Debug|Any CPU.ActiveCfg = Debug|Any CPU
		{DA165E02-148C-43CC-A812-D951C297B7A9}.Debug|Any CPU.Build.0 = Debug|Any CPU
		{DA165E02-148C-43CC-A812-D951C297B7A9}.Release|Any CPU.ActiveCfg = Release|Any CPU
		{DA165E02-148C-43CC-A812-D951C297B7A9}.Release|Any CPU.Build.0 = Release|Any CPU
		{971089A9-A255-4BE1-862A-CFBF871F6636}.Debug|Any CPU.ActiveCfg = Debug|Any CPU
		{971089A9-A255-4BE1-862A-CFBF871F6636}.Debug|Any CPU.Build.0 = Debug|Any CPU
		{971089A9-A255-4BE1-862A-CFBF871F6636}.Release|Any CPU.ActiveCfg = Release|Any CPU
		{971089A9-A255-4BE1-862A-CFBF871F6636}.Release|Any CPU.Build.0 = Release|Any CPU
		{CD54254F-867D-4D9F-8C15-AA2118E311FA}.Debug|Any CPU.ActiveCfg = Debug|Any CPU
		{CD54254F-867D-4D9F-8C15-AA2118E311FA}.Debug|Any CPU.Build.0 = Debug|Any CPU
		{CD54254F-867D-4D9F-8C15-AA2118E311FA}.Release|Any CPU.ActiveCfg = Release|Any CPU
		{CD54254F-867D-4D9F-8C15-AA2118E311FA}.Release|Any CPU.Build.0 = Release|Any CPU
		{8EDA40C6-C94B-461D-9723-BCE98FFE9382}.Debug|Any CPU.ActiveCfg = Debug|Any CPU
		{8EDA40C6-C94B-461D-9723-BCE98FFE9382}.Debug|Any CPU.Build.0 = Debug|Any CPU
		{8EDA40C6-C94B-461D-9723-BCE98FFE9382}.Release|Any CPU.ActiveCfg = Release|Any CPU
		{8EDA40C6-C94B-461D-9723-BCE98FFE9382}.Release|Any CPU.Build.0 = Release|Any CPU
		{96DB0485-21D4-4873-B10D-6CED44C0696A}.Debug|Any CPU.ActiveCfg = Debug|Any CPU
		{96DB0485-21D4-4873-B10D-6CED44C0696A}.Debug|Any CPU.Build.0 = Debug|Any CPU
		{96DB0485-21D4-4873-B10D-6CED44C0696A}.Release|Any CPU.ActiveCfg = Release|Any CPU
		{96DB0485-21D4-4873-B10D-6CED44C0696A}.Release|Any CPU.Build.0 = Release|Any CPU
		{6FF51DB0-DA08-4A3A-BF77-31EBFE159B46}.Debug|Any CPU.ActiveCfg = Debug|Any CPU
		{6FF51DB0-DA08-4A3A-BF77-31EBFE159B46}.Debug|Any CPU.Build.0 = Debug|Any CPU
		{6FF51DB0-DA08-4A3A-BF77-31EBFE159B46}.Release|Any CPU.ActiveCfg = Release|Any CPU
		{6FF51DB0-DA08-4A3A-BF77-31EBFE159B46}.Release|Any CPU.Build.0 = Release|Any CPU
		{F7D6F387-DF1D-4B0C-9925-A2F53FAA095B}.Debug|Any CPU.ActiveCfg = Debug|Any CPU
		{F7D6F387-DF1D-4B0C-9925-A2F53FAA095B}.Debug|Any CPU.Build.0 = Debug|Any CPU
		{F7D6F387-DF1D-4B0C-9925-A2F53FAA095B}.Release|Any CPU.ActiveCfg = Release|Any CPU
		{F7D6F387-DF1D-4B0C-9925-A2F53FAA095B}.Release|Any CPU.Build.0 = Release|Any CPU
		{E085E6A0-7B4A-46FA-9D0B-2F327E4F2109}.Debug|Any CPU.ActiveCfg = Debug|Any CPU
		{E085E6A0-7B4A-46FA-9D0B-2F327E4F2109}.Debug|Any CPU.Build.0 = Debug|Any CPU
		{E085E6A0-7B4A-46FA-9D0B-2F327E4F2109}.Release|Any CPU.ActiveCfg = Release|Any CPU
		{E085E6A0-7B4A-46FA-9D0B-2F327E4F2109}.Release|Any CPU.Build.0 = Release|Any CPU
	EndGlobalSection
	GlobalSection(SolutionProperties) = preSolution
		HideSolutionNode = FALSE
	EndGlobalSection
	GlobalSection(ExtensibilityGlobals) = postSolution
		SolutionGuid = {96019FBE-EAE2-4E9F-9E34-22DFB563F776}
	EndGlobalSection
EndGlobal
